
Microsoft Visual Studio Solution File, Format Version 12.00
# Visual Studio Version 16
VisualStudioVersion = 16.0.30711.63
MinimumVisualStudioVersion = 10.0.40219.1
Project("{9A19103F-16F7-4668-BE54-9A1E7A4F7556}") = "BetFriendsService", "BetFriendsService\BetFriendsService.csproj", "{043C5EA1-2B16-4994-8747-5F5CDCE082E8}"
EndProject
Project("{9A19103F-16F7-4668-BE54-9A1E7A4F7556}") = "BF.Domain", "BF.Domain\BF.Domain.csproj", "{2710A278-4EFA-4405-A4E9-A57F201A2EC4}"
EndProject
Project("{9A19103F-16F7-4668-BE54-9A1E7A4F7556}") = "BF.DataAccess", "BF.DataAccess\BF.DataAccess.csproj", "{BC27463F-BDE9-4AFF-8E2D-423171C9F319}"
EndProject
Project("{9A19103F-16F7-4668-BE54-9A1E7A4F7556}") = "Service", "Service\Service.csproj", "{A33E0F42-CA89-4853-8FFB-C0F43EDFA3D3}"
EndProject
Project("{9A19103F-16F7-4668-BE54-9A1E7A4F7556}") = "Utils", "Utils\Utils.csproj", "{F8F370D9-9F95-4525-BC42-F46BCE1B2A2C}"
EndProject
Project("{FAE04EC0-301F-11D3-BF4B-00C04F79EFBC}") = "BetFriends.FE", "BetFriends.FE\BetFriends.FE.csproj", "{05D9440B-CBC9-41F2-AD58-49A60BA95E65}"
EndProject
Global
	GlobalSection(SolutionConfigurationPlatforms) = preSolution
		Debug|Any CPU = Debug|Any CPU
		Release|Any CPU = Release|Any CPU
	EndGlobalSection
	GlobalSection(ProjectConfigurationPlatforms) = postSolution
		{043C5EA1-2B16-4994-8747-5F5CDCE082E8}.Debug|Any CPU.ActiveCfg = Debug|Any CPU
		{043C5EA1-2B16-4994-8747-5F5CDCE082E8}.Debug|Any CPU.Build.0 = Debug|Any CPU
		{043C5EA1-2B16-4994-8747-5F5CDCE082E8}.Release|Any CPU.ActiveCfg = Release|Any CPU
		{043C5EA1-2B16-4994-8747-5F5CDCE082E8}.Release|Any CPU.Build.0 = Release|Any CPU
		{2710A278-4EFA-4405-A4E9-A57F201A2EC4}.Debug|Any CPU.ActiveCfg = Debug|Any CPU
		{2710A278-4EFA-4405-A4E9-A57F201A2EC4}.Debug|Any CPU.Build.0 = Debug|Any CPU
		{2710A278-4EFA-4405-A4E9-A57F201A2EC4}.Release|Any CPU.ActiveCfg = Release|Any CPU
		{2710A278-4EFA-4405-A4E9-A57F201A2EC4}.Release|Any CPU.Build.0 = Release|Any CPU
		{BC27463F-BDE9-4AFF-8E2D-423171C9F319}.Debug|Any CPU.ActiveCfg = Debug|Any CPU
		{BC27463F-BDE9-4AFF-8E2D-423171C9F319}.Debug|Any CPU.Build.0 = Debug|Any CPU
		{BC27463F-BDE9-4AFF-8E2D-423171C9F319}.Release|Any CPU.ActiveCfg = Release|Any CPU
		{BC27463F-BDE9-4AFF-8E2D-423171C9F319}.Release|Any CPU.Build.0 = Release|Any CPU
		{A33E0F42-CA89-4853-8FFB-C0F43EDFA3D3}.Debug|Any CPU.ActiveCfg = Debug|Any CPU
		{A33E0F42-CA89-4853-8FFB-C0F43EDFA3D3}.Debug|Any CPU.Build.0 = Debug|Any CPU
		{A33E0F42-CA89-4853-8FFB-C0F43EDFA3D3}.Release|Any CPU.ActiveCfg = Release|Any CPU
		{A33E0F42-CA89-4853-8FFB-C0F43EDFA3D3}.Release|Any CPU.Build.0 = Release|Any CPU
		{F8F370D9-9F95-4525-BC42-F46BCE1B2A2C}.Debug|Any CPU.ActiveCfg = Debug|Any CPU
		{F8F370D9-9F95-4525-BC42-F46BCE1B2A2C}.Debug|Any CPU.Build.0 = Debug|Any CPU
		{F8F370D9-9F95-4525-BC42-F46BCE1B2A2C}.Release|Any CPU.ActiveCfg = Release|Any CPU
		{F8F370D9-9F95-4525-BC42-F46BCE1B2A2C}.Release|Any CPU.Build.0 = Release|Any CPU
		{05D9440B-CBC9-41F2-AD58-49A60BA95E65}.Debug|Any CPU.ActiveCfg = Debug|Any CPU
		{05D9440B-CBC9-41F2-AD58-49A60BA95E65}.Debug|Any CPU.Build.0 = Debug|Any CPU
		{05D9440B-CBC9-41F2-AD58-49A60BA95E65}.Release|Any CPU.ActiveCfg = Release|Any CPU
		{05D9440B-CBC9-41F2-AD58-49A60BA95E65}.Release|Any CPU.Build.0 = Release|Any CPU
	EndGlobalSection
	GlobalSection(SolutionProperties) = preSolution
		HideSolutionNode = FALSE
	EndGlobalSection
	GlobalSection(ExtensibilityGlobals) = postSolution
		SolutionGuid = {0F132F5E-E320-4211-8A6F-84AC4A5282DF}
	EndGlobalSection
EndGlobal
